github.com/gorilla/mux v1.8.0 h1:i40aqfkR1h2SlN9hojwV5ZA91wcXFOvkdNIeFDP5koI=
github.com/gorilla/mux v1.8.0/go.mod h1:DVbg23sWSpFRCP0SfiEN6jmj59UnW/n46BH5rLB71So=
github.com/kyokomi/emoji/v2 v2.2.8 h1:jcofPxjHWEkJtkIbcLHvZhxKgCPl6C7MyjTrD4KDqUE=
github.com/kyokomi/emoji/v2 v2.2.8/go.mod h1:JUcn42DTdsXJo1SWanHh4HKDEyPaR5CqkmoirZZP9qE=
